
Microsoft Visual Studio Solution File, Format Version 12.00
# Visual Studio Version 16
VisualStudioVersion = 16.0.30114.105
MinimumVisualStudioVersion = 10.0.40219.1
Project("{FAE04EC0-301F-11D3-BF4B-00C04F79EFBC}") = "API", "API\API.csproj", "{E6228DBA-982D-400B-A164-6FA2724689A6}"
EndProject
Project("{FAE04EC0-301F-11D3-BF4B-00C04F79EFBC}") = "Application", "Application\Application.csproj", "{D2065039-CB69-4379-A54B-2F2DEECAD9D8}"
EndProject
Project("{FAE04EC0-301F-11D3-BF4B-00C04F79EFBC}") = "Persistence", "Persistence\Persistence.csproj", "{9707135C-9A1B-42E5-96E5-7C4267F446F8}"
EndProject
Project("{FAE04EC0-301F-11D3-BF4B-00C04F79EFBC}") = "Domain", "Domain\Domain.csproj", "{CF104AEE-1720-434C-9907-62A89DA066B0}"
EndProject
Project("{FAE04EC0-301F-11D3-BF4B-00C04F79EFBC}") = "Infrastucture", "Infrastucture\Infrastucture.csproj", "{8AD593EA-186A-4F91-AE93-9D2151018602}"
EndProject
Project("{FAE04EC0-301F-11D3-BF4B-00C04F79EFBC}") = "Infrastructure", "Infrastructure\Infrastructure.csproj", "{D35B5CCE-AA9B-4525-9BED-2BB7292F8776}"
EndProject
Global
	GlobalSection(SolutionConfigurationPlatforms) = preSolution
		Debug|Any CPU = Debug|Any CPU
		Debug|x64 = Debug|x64
		Debug|x86 = Debug|x86
		Release|Any CPU = Release|Any CPU
		Release|x64 = Release|x64
		Release|x86 = Release|x86
	EndGlobalSection
	GlobalSection(SolutionProperties) = preSolution
		HideSolutionNode = FALSE
	EndGlobalSection
	GlobalSection(ProjectConfigurationPlatforms) = postSolution
		{E6228DBA-982D-400B-A164-6FA2724689A6}.Debug|Any CPU.ActiveCfg = Debug|Any CPU
		{E6228DBA-982D-400B-A164-6FA2724689A6}.Debug|Any CPU.Build.0 = Debug|Any CPU
		{E6228DBA-982D-400B-A164-6FA2724689A6}.Debug|x64.ActiveCfg = Debug|Any CPU
		{E6228DBA-982D-400B-A164-6FA2724689A6}.Debug|x64.Build.0 = Debug|Any CPU
		{E6228DBA-982D-400B-A164-6FA2724689A6}.Debug|x86.ActiveCfg = Debug|Any CPU
		{E6228DBA-982D-400B-A164-6FA2724689A6}.Debug|x86.Build.0 = Debug|Any CPU
		{E6228DBA-982D-400B-A164-6FA2724689A6}.Release|Any CPU.ActiveCfg = Release|Any CPU
		{E6228DBA-982D-400B-A164-6FA2724689A6}.Release|Any CPU.Build.0 = Release|Any CPU
		{E6228DBA-982D-400B-A164-6FA2724689A6}.Release|x64.ActiveCfg = Release|Any CPU
		{E6228DBA-982D-400B-A164-6FA2724689A6}.Release|x64.Build.0 = Release|Any CPU
		{E6228DBA-982D-400B-A164-6FA2724689A6}.Release|x86.ActiveCfg = Release|Any CPU
		{E6228DBA-982D-400B-A164-6FA2724689A6}.Release|x86.Build.0 = Release|Any CPU
		{D2065039-CB69-4379-A54B-2F2DEECAD9D8}.Debug|Any CPU.ActiveCfg = Debug|Any CPU
		{D2065039-CB69-4379-A54B-2F2DEECAD9D8}.Debug|Any CPU.Build.0 = Debug|Any CPU
		{D2065039-CB69-4379-A54B-2F2DEECAD9D8}.Debug|x64.ActiveCfg = Debug|Any CPU
		{D2065039-CB69-4379-A54B-2F2DEECAD9D8}.Debug|x64.Build.0 = Debug|Any CPU
		{D2065039-CB69-4379-A54B-2F2DEECAD9D8}.Debug|x86.ActiveCfg = Debug|Any CPU
		{D2065039-CB69-4379-A54B-2F2DEECAD9D8}.Debug|x86.Build.0 = Debug|Any CPU
		{D2065039-CB69-4379-A54B-2F2DEECAD9D8}.Release|Any CPU.ActiveCfg = Release|Any CPU
		{D2065039-CB69-4379-A54B-2F2DEECAD9D8}.Release|Any CPU.Build.0 = Release|Any CPU
		{D2065039-CB69-4379-A54B-2F2DEECAD9D8}.Release|x64.ActiveCfg = Release|Any CPU
		{D2065039-CB69-4379-A54B-2F2DEECAD9D8}.Release|x64.Build.0 = Release|Any CPU
		{D2065039-CB69-4379-A54B-2F2DEECAD9D8}.Release|x86.ActiveCfg = Release|Any CPU
		{D2065039-CB69-4379-A54B-2F2DEECAD9D8}.Release|x86.Build.0 = Release|Any CPU
		{9707135C-9A1B-42E5-96E5-7C4267F446F8}.Debug|Any CPU.ActiveCfg = Debug|Any CPU
		{9707135C-9A1B-42E5-96E5-7C4267F446F8}.Debug|Any CPU.Build.0 = Debug|Any CPU
		{9707135C-9A1B-42E5-96E5-7C4267F446F8}.Debug|x64.ActiveCfg = Debug|Any CPU
		{9707135C-9A1B-42E5-96E5-7C4267F446F8}.Debug|x64.Build.0 = Debug|Any CPU
		{9707135C-9A1B-42E5-96E5-7C4267F446F8}.Debug|x86.ActiveCfg = Debug|Any CPU
		{9707135C-9A1B-42E5-96E5-7C4267F446F8}.Debug|x86.Build.0 = Debug|Any CPU
		{9707135C-9A1B-42E5-96E5-7C4267F446F8}.Release|Any CPU.ActiveCfg = Release|Any CPU
		{9707135C-9A1B-42E5-96E5-7C4267F446F8}.Release|Any CPU.Build.0 = Release|Any CPU
		{9707135C-9A1B-42E5-96E5-7C4267F446F8}.Release|x64.ActiveCfg = Release|Any CPU
		{9707135C-9A1B-42E5-96E5-7C4267F446F8}.Release|x64.Build.0 = Release|Any CPU
		{9707135C-9A1B-42E5-96E5-7C4267F446F8}.Release|x86.ActiveCfg = Release|Any CPU
		{9707135C-9A1B-42E5-96E5-7C4267F446F8}.Release|x86.Build.0 = Release|Any CPU
		{CF104AEE-1720-434C-9907-62A89DA066B0}.Debug|Any CPU.ActiveCfg = Debug|Any CPU
		{CF104AEE-1720-434C-9907-62A89DA066B0}.Debug|Any CPU.Build.0 = Debug|Any CPU
		{CF104AEE-1720-434C-9907-62A89DA066B0}.Debug|x64.ActiveCfg = Debug|Any CPU
		{CF104AEE-1720-434C-9907-62A89DA066B0}.Debug|x64.Build.0 = Debug|Any CPU
		{CF104AEE-1720-434C-9907-62A89DA066B0}.Debug|x86.ActiveCfg = Debug|Any CPU
		{CF104AEE-1720-434C-9907-62A89DA066B0}.Debug|x86.Build.0 = Debug|Any CPU
		{CF104AEE-1720-434C-9907-62A89DA066B0}.Release|Any CPU.ActiveCfg = Release|Any CPU
		{CF104AEE-1720-434C-9907-62A89DA066B0}.Release|Any CPU.Build.0 = Release|Any CPU
		{CF104AEE-1720-434C-9907-62A89DA066B0}.Release|x64.ActiveCfg = Release|Any CPU
		{CF104AEE-1720-434C-9907-62A89DA066B0}.Release|x64.Build.0 = Release|Any CPU
		{CF104AEE-1720-434C-9907-62A89DA066B0}.Release|x86.ActiveCfg = Release|Any CPU
		{CF104AEE-1720-434C-9907-62A89DA066B0}.Release|x86.Build.0 = Release|Any CPU
		{8AD593EA-186A-4F91-AE93-9D2151018602}.Debug|Any CPU.ActiveCfg = Debug|Any CPU
		{8AD593EA-186A-4F91-AE93-9D2151018602}.Debug|Any CPU.Build.0 = Debug|Any CPU
		{8AD593EA-186A-4F91-AE93-9D2151018602}.Debug|x64.ActiveCfg = Debug|Any CPU
		{8AD593EA-186A-4F91-AE93-9D2151018602}.Debug|x64.Build.0 = Debug|Any CPU
		{8AD593EA-186A-4F91-AE93-9D2151018602}.Debug|x86.ActiveCfg = Debug|Any CPU
		{8AD593EA-186A-4F91-AE93-9D2151018602}.Debug|x86.Build.0 = Debug|Any CPU
		{8AD593EA-186A-4F91-AE93-9D2151018602}.Release|Any CPU.ActiveCfg = Release|Any CPU
		{8AD593EA-186A-4F91-AE93-9D2151018602}.Release|Any CPU.Build.0 = Release|Any CPU
		{8AD593EA-186A-4F91-AE93-9D2151018602}.Release|x64.ActiveCfg = Release|Any CPU
		{8AD593EA-186A-4F91-AE93-9D2151018602}.Release|x64.Build.0 = Release|Any CPU
		{8AD593EA-186A-4F91-AE93-9D2151018602}.Release|x86.ActiveCfg = Release|Any CPU
		{8AD593EA-186A-4F91-AE93-9D2151018602}.Release|x86.Build.0 = Release|Any CPU
		{D35B5CCE-AA9B-4525-9BED-2BB7292F8776}.Debug|Any CPU.ActiveCfg = Debug|Any CPU
		{D35B5CCE-AA9B-4525-9BED-2BB7292F8776}.Debug|Any CPU.Build.0 = Debug|Any CPU
		{D35B5CCE-AA9B-4525-9BED-2BB7292F8776}.Debug|x64.ActiveCfg = Debug|Any CPU
		{D35B5CCE-AA9B-4525-9BED-2BB7292F8776}.Debug|x64.Build.0 = Debug|Any CPU
		{D35B5CCE-AA9B-4525-9BED-2BB7292F8776}.Debug|x86.ActiveCfg = Debug|Any CPU
		{D35B5CCE-AA9B-4525-9BED-2BB7292F8776}.Debug|x86.Build.0 = Debug|Any CPU
		{D35B5CCE-AA9B-4525-9BED-2BB7292F8776}.Release|Any CPU.ActiveCfg = Release|Any CPU
		{D35B5CCE-AA9B-4525-9BED-2BB7292F8776}.Release|Any CPU.Build.0 = Release|Any CPU
		{D35B5CCE-AA9B-4525-9BED-2BB7292F8776}.Release|x64.ActiveCfg = Release|Any CPU
		{D35B5CCE-AA9B-4525-9BED-2BB7292F8776}.Release|x64.Build.0 = Release|Any CPU
		{D35B5CCE-AA9B-4525-9BED-2BB7292F8776}.Release|x86.ActiveCfg = Release|Any CPU
		{D35B5CCE-AA9B-4525-9BED-2BB7292F8776}.Release|x86.Build.0 = Release|Any CPU
	EndGlobalSection
EndGlobal
